
Microsoft Visual Studio Solution File, Format Version 12.00
# Visual Studio Version 17
VisualStudioVersion = 17.5.33414.496
MinimumVisualStudioVersion = 10.0.40219.1
Project("{FAE04EC0-301F-11D3-BF4B-00C04F79EFBC}") = "TimeBackend", "TimeBackend\TimeBackend.csproj", "{440FA3CD-8A06-415C-B80D-A2FFFA5C3EAF}"
EndProject
Global
	GlobalSection(SolutionConfigurationPlatforms) = preSolution
		Debug|Any CPU = Debug|Any CPU
		Release|Any CPU = Release|Any CPU
	EndGlobalSection
	GlobalSection(ProjectConfigurationPlatforms) = postSolution
		{440FA3CD-8A06-415C-B80D-A2FFFA5C3EAF}.Debug|Any CPU.ActiveCfg = Debug|Any CPU
		{440FA3CD-8A06-415C-B80D-A2FFFA5C3EAF}.Debug|Any CPU.Build.0 = Debug|Any CPU
		{440FA3CD-8A06-415C-B80D-A2FFFA5C3EAF}.Release|Any CPU.ActiveCfg = Release|Any CPU
		{440FA3CD-8A06-415C-B80D-A2FFFA5C3EAF}.Release|Any CPU.Build.0 = Release|Any CPU
	EndGlobalSection
	GlobalSection(SolutionProperties) = preSolution
		HideSolutionNode = FALSE
	EndGlobalSection
	GlobalSection(ExtensibilityGlobals) = postSolution
		SolutionGuid = {729E77BB-E6E0-481E-AFBD-1C4255290934}
	EndGlobalSection
EndGlobal
